// !$*UTF8*$!
{
	archiveVersion = 1;
	classes = {
	};
	objectVersion = 46;
	objects = {

/* Begin PBXBuildFile section */
		5773BFFA1A92CD9000F2602B /* main.m in Sources */ = {isa = PBXBuildFile; fileRef = 5773BFF91A92CD9000F2602B /* main.m */; };
		5773BFFD1A92CD9000F2602B /* AppDelegate.m in Sources */ = {isa = PBXBuildFile; fileRef = 5773BFFC1A92CD9000F2602B /* AppDelegate.m */; };
		5773C0001A92CD9000F2602B /* ViewController.m in Sources */ = {isa = PBXBuildFile; fileRef = 5773BFFF1A92CD9000F2602B /* ViewController.m */; };
		5773C0031A92CD9000F2602B /* Main.storyboard in Resources */ = {isa = PBXBuildFile; fileRef = 5773C0011A92CD9000F2602B /* Main.storyboard */; };
		5773C0051A92CD9000F2602B /* Images.xcassets in Resources */ = {isa = PBXBuildFile; fileRef = 5773C0041A92CD9000F2602B /* Images.xcassets */; };
		5773C0081A92CD9000F2602B /* LaunchScreen.xib in Resources */ = {isa = PBXBuildFile; fileRef = 5773C0061A92CD9000F2602B /* LaunchScreen.xib */; };
		5773C0141A92CD9000F2602B /* BMI_CalculatorTests.m in Sources */ = {isa = PBXBuildFile; fileRef = 5773C0131A92CD9000F2602B /* BMI_CalculatorTests.m */; };
/* End PBXBuildFile section */

/* Begin PBXContainerItemProxy section */
		5773C00E1A92CD9000F2602B /* PBXContainerItemProxy */ = {
			isa = PBXContainerItemProxy;
			containerPortal = 5773BFEC1A92CD9000F2602B /* Project object */;
			proxyType = 1;
			remoteGlobalIDString = 5773BFF31A92CD9000F2602B;
			remoteInfo = "BMI Calculator";
		};
/* End PBXContainerItemProxy section */

/* Begin PBXFileReference section */
		5773BFF41A92CD9000F2602B /* BMI Calculator.app */ = {isa = PBXFileReference; explicitFileType = wrapper.application; includeInIndex = 0; path = "BMI Calculator.app"; sourceTree = BUILT_PRODUCTS_DIR; };
		5773BFF81A92CD9000F2602B /* Info.plist */ = {isa = PBXFileReference; lastKnownFileType = text.plist.xml; path = Info.plist; sourceTree = "<group>"; };
		5773BFF91A92CD9000F2602B /* main.m */ = {isa = PBXFileReference; lastKnownFileType = sourcecode.c.objc; path = main.m; sourceTree = "<group>"; };
		5773BFFB1A92CD9000F2602B /* AppDelegate.h */ = {isa = PBXFileReference; lastKnownFileType = sourcecode.c.h; path = AppDelegate.h; sourceTree = "<group>"; };
		5773BFFC1A92CD9000F2602B /* AppDelegate.m */ = {isa = PBXFileReference; lastKnownFileType = sourcecode.c.objc; path = AppDelegate.m; sourceTree = "<group>"; };
		5773BFFE1A92CD9000F2602B /* ViewController.h */ = {isa = PBXFileReference; lastKnownFileType = sourcecode.c.h; path = ViewController.h; sourceTree = "<group>"; };
		5773BFFF1A92CD9000F2602B /* ViewController.m */ = {isa = PBXFileReference; lastKnownFileType = sourcecode.c.objc; path = ViewController.m; sourceTree = "<group>"; };
		5773C0021A92CD9000F2602B /* Base */ = {isa = PBXFileReference; lastKnownFileType = file.storyboard; name = Base; path = Base.lproj/Main.storyboard; sourceTree = "<group>"; };
		5773C0041A92CD9000F2602B /* Images.xcassets */ = {isa = PBXFileReference; lastKnownFileType = folder.assetcatalog; path = Images.xcassets; sourceTree = "<group>"; };
		5773C0071A92CD9000F2602B /* Base */ = {isa = PBXFileReference; lastKnownFileType = file.xib; name = Base; path = Base.lproj/LaunchScreen.xib; sourceTree = "<group>"; };
		5773C00D1A92CD9000F2602B /* BMI CalculatorTests.xctest */ = {isa = PBXFileReference; explicitFileType = wrapper.cfbundle; includeInIndex = 0; path = "BMI CalculatorTests.xctest"; sourceTree = BUILT_PRODUCTS_DIR; };
		5773C0121A92CD9000F2602B /* Info.plist */ = {isa = PBXFileReference; lastKnownFileType = text.plist.xml; path = Info.plist; sourceTree = "<group>"; };
		5773C0131A92CD9000F2602B /* BMI_CalculatorTests.m */ = {isa = PBXFileReference; lastKnownFileType = sourcecode.c.objc; path = BMI_CalculatorTests.m; sourceTree = "<group>"; };
/* End PBXFileReference section */

/* Begin PBXFrameworksBuildPhase section */
		5773BFF11A92CD9000F2602B /* Frameworks */ = {
			isa = PBXFrameworksBuildPhase;
			buildActionMask = 2147483647;
			files = (
			);
			runOnlyForDeploymentPostprocessing = 0;
		};
		5773C00A1A92CD9000F2602B /* Frameworks */ = {
			isa = PBXFrameworksBuildPhase;
			buildActionMask = 2147483647;
			files = (
			);
			runOnlyForDeploymentPostprocessing = 0;
		};
/* End PBXFrameworksBuildPhase section */

/* Begin PBXGroup section */
		5773BFEB1A92CD9000F2602B = {
			isa = PBXGroup;
			children = (
				5773BFF61A92CD9000F2602B /* BMI Calculator */,
				5773C0101A92CD9000F2602B /* BMI CalculatorTests */,
				5773BFF51A92CD9000F2602B /* Products */,
			);
			sourceTree = "<group>";
		};
		5773BFF51A92CD9000F2602B /* Products */ = {
			isa = PBXGroup;
			children = (
				5773BFF41A92CD9000F2602B /* BMI Calculator.app */,
				5773C00D1A92CD9000F2602B /* BMI CalculatorTests.xctest */,
			);
			name = Products;
			sourceTree = "<group>";
		};
		5773BFF61A92CD9000F2602B /* BMI Calculator */ = {
			isa = PBXGroup;
			children = (
				5773BFFB1A92CD9000F2602B /* AppDelegate.h */,
				5773BFFC1A92CD9000F2602B /* AppDelegate.m */,
				5773BFFE1A92CD9000F2602B /* ViewController.h */,
				5773BFFF1A92CD9000F2602B /* ViewController.m */,
				5773C0011A92CD9000F2602B /* Main.storyboard */,
				5773C0041A92CD9000F2602B /* Images.xcassets */,
				5773C0061A92CD9000F2602B /* LaunchScreen.xib */,
				5773BFF71A92CD9000F2602B /* Supporting Files */,
			);
			path = "BMI Calculator";
			sourceTree = "<group>";
		};
		5773BFF71A92CD9000F2602B /* Supporting Files */ = {
			isa = PBXGroup;
			children = (
				5773BFF81A92CD9000F2602B /* Info.plist */,
				5773BFF91A92CD9000F2602B /* main.m */,
			);
			name = "Supporting Files";
			sourceTree = "<group>";
		};
		5773C0101A92CD9000F2602B /* BMI CalculatorTests */ = {
			isa = PBXGroup;
			children = (
				5773C0131A92CD9000F2602B /* BMI_CalculatorTests.m */,
				5773C0111A92CD9000F2602B /* Supporting Files */,
			);
			path = "BMI CalculatorTests";
			sourceTree = "<group>";
		};
		5773C0111A92CD9000F2602B /* Supporting Files */ = {
			isa = PBXGroup;
			children = (
				5773C0121A92CD9000F2602B /* Info.plist */,
			);
			name = "Supporting Files";
			sourceTree = "<group>";
		};
/* End PBXGroup section */

/* Begin PBXNativeTarget section */
		5773BFF31A92CD9000F2602B /* BMI Calculator */ = {
			isa = PBXNativeTarget;
			buildConfigurationList = 5773C0171A92CD9000F2602B /* Build configuration list for PBXNativeTarget "BMI Calculator" */;
			buildPhases = (
				5773BFF01A92CD9000F2602B /* Sources */,
				5773BFF11A92CD9000F2602B /* Frameworks */,
				5773BFF21A92CD9000F2602B /* Resources */,
			);
			buildRules = (
			);
			dependencies = (
			);
			name = "BMI Calculator";
			productName = "BMI Calculator";
			productReference = 5773BFF41A92CD9000F2602B /* BMI Calculator.app */;
			productType = "com.apple.product-type.application";
		};
		5773C00C1A92CD9000F2602B /* BMI CalculatorTests */ = {
			isa = PBXNativeTarget;
			buildConfigurationList = 5773C01A1A92CD9000F2602B /* Build configuration list for PBXNativeTarget "BMI CalculatorTests" */;
			buildPhases = (
				5773C0091A92CD9000F2602B /* Sources */,
				5773C00A1A92CD9000F2602B /* Frameworks */,
				5773C00B1A92CD9000F2602B /* Resources */,
			);
			buildRules = (
			);
			dependencies = (
				5773C00F1A92CD9000F2602B /* PBXTargetDependency */,
			);
			name = "BMI CalculatorTests";
			productName = "BMI CalculatorTests";
			productReference = 5773C00D1A92CD9000F2602B /* BMI CalculatorTests.xctest */;
			productType = "com.apple.product-type.bundle.unit-test";
		};
/* End PBXNativeTarget section */

/* Begin PBXProject section */
		5773BFEC1A92CD9000F2602B /* Project object */ = {
			isa = PBXProject;
			attributes = {
				LastUpgradeCheck = 0600;
				ORGANIZATIONNAME = "Andreza da Costa Medeiros";
				TargetAttributes = {
					5773BFF31A92CD9000F2602B = {
						CreatedOnToolsVersion = 6.0.1;
					};
					5773C00C1A92CD9000F2602B = {
						CreatedOnToolsVersion = 6.0.1;
						TestTargetID = 5773BFF31A92CD9000F2602B;
					};
				};
			};
			buildConfigurationList = 5773BFEF1A92CD9000F2602B /* Build configuration list for PBXProject "BMI Calculator" */;
			compatibilityVersion = "Xcode 3.2";
			developmentRegion = English;
			hasScannedForEncodings = 0;
			knownRegions = (
				en,
				Base,
			);
			mainGroup = 5773BFEB1A92CD9000F2602B;
			productRefGroup = 5773BFF51A92CD9000F2602B /* Products */;
			projectDirPath = "";
			projectRoot = "";
			targets = (
				5773BFF31A92CD9000F2602B /* BMI Calculator */,
				5773C00C1A92CD9000F2602B /* BMI CalculatorTests */,
			);
		};
/* End PBXProject section */

/* Begin PBXResourcesBuildPhase section */
		5773BFF21A92CD9000F2602B /* Resources */ = {
			isa = PBXResourcesBuildPhase;
			buildActionMask = 2147483647;
			files = (
				5773C0031A92CD9000F2602B /* Main.storyboard in Resources */,
				5773C0081A92CD9000F2602B /* LaunchScreen.xib in Resources */,
				5773C0051A92CD9000F2602B /* Images.xcassets in Resources */,
			);
			runOnlyForDeploymentPostprocessing = 0;
		};
		5773C00B1A92CD9000F2602B /* Resources */ = {
			isa = PBXResourcesBuildPhase;
			buildActionMask = 2147483647;
			files = (
			);
			runOnlyForDeploymentPostprocessing = 0;
		};
/* End PBXResourcesBuildPhase section */

/* Begin PBXSourcesBuildPhase section */
		5773BFF01A92CD9000F2602B /* Sources */ = {
			isa = PBXSourcesBuildPhase;
			buildActionMask = 2147483647;
			files = (
				5773C0001A92CD9000F2602B /* ViewController.m in Sources */,
				5773BFFD1A92CD9000F2602B /* AppDelegate.m in Sources */,
				5773BFFA1A92CD9000F2602B /* main.m in Sources */,
			);
			runOnlyForDeploymentPostprocessing = 0;
		};
		5773C0091A92CD9000F2602B /* Sources */ = {
			isa = PBXSourcesBuildPhase;
			buildActionMask = 2147483647;
			files = (
				5773C0141A92CD9000F2602B /* BMI_CalculatorTests.m in Sources */,
			);
			runOnlyForDeploymentPostprocessing = 0;
		};
/* End PBXSourcesBuildPhase section */

/* Begin PBXTargetDependency section */
		5773C00F1A92CD9000F2602B /* PBXTargetDependency */ = {
			isa = PBXTargetDependency;
			target = 5773BFF31A92CD9000F2602B /* BMI Calculator */;
			targetProxy = 5773C00E1A92CD9000F2602B /* PBXContainerItemProxy */;
		};
/* End PBXTargetDependency section */

/* Begin PBXVariantGroup section */
		5773C0011A92CD9000F2602B /* Main.storyboard */ = {
			isa = PBXVariantGroup;
			children = (
				5773C0021A92CD9000F2602B /* Base */,
			);
			name = Main.storyboard;
			sourceTree = "<group>";
		};
		5773C0061A92CD9000F2602B /* LaunchScreen.xib */ = {
			isa = PBXVariantGroup;
			children = (
				5773C0071A92CD9000F2602B /* Base */,
			);
			name = LaunchScreen.xib;
			sourceTree = "<group>";
		};
/* End PBXVariantGroup section */

/* Begin XCBuildConfiguration section */
		5773C0151A92CD9000F2602B /* Debug */ = {
			isa = XCBuildConfiguration;
			buildSettings = {
				ALWAYS_SEARCH_USER_PATHS = NO;
				CLANG_CXX_LANGUAGE_STANDARD = "gnu++0x";
				CLANG_CXX_LIBRARY = "libc++";
				CLANG_ENABLE_MODULES = YES;
				CLANG_ENABLE_OBJC_ARC = YES;
				CLANG_WARN_BOOL_CONVERSION = YES;
				CLANG_WARN_CONSTANT_CONVERSION = YES;
				CLANG_WARN_DIRECT_OBJC_ISA_USAGE = YES_ERROR;
				CLANG_WARN_EMPTY_BODY = YES;
				CLANG_WARN_ENUM_CONVERSION = YES;
				CLANG_WARN_INT_CONVERSION = YES;
				CLANG_WARN_OBJC_ROOT_CLASS = YES_ERROR;
				CLANG_WARN_UNREACHABLE_CODE = YES;
				CLANG_WARN__DUPLICATE_METHOD_MATCH = YES;
				"CODE_SIGN_IDENTITY[sdk=iphoneos*]" = "iPhone Developer";
				COPY_PHASE_STRIP = NO;
				ENABLE_STRICT_OBJC_MSGSEND = YES;
				GCC_C_LANGUAGE_STANDARD = gnu99;
				GCC_DYNAMIC_NO_PIC = NO;
				GCC_OPTIMIZATION_LEVEL = 0;
				GCC_PREPROCESSOR_DEFINITIONS = (
					"DEBUG=1",
					"$(inherited)",
				);
				GCC_SYMBOLS_PRIVATE_EXTERN = NO;
				GCC_WARN_64_TO_32_BIT_CONVERSION = YES;
				GCC_WARN_ABOUT_RETURN_TYPE = YES_ERROR;
				GCC_WARN_UNDECLARED_SELECTOR = YES;
				GCC_WARN_UNINITIALIZED_AUTOS = YES_AGGRESSIVE;
				GCC_WARN_UNUSED_FUNCTION = YES;
				GCC_WARN_UNUSED_VARIABLE = YES;
				IPHONEOS_DEPLOYMENT_TARGET = 8.0;
				MTL_ENABLE_DEBUG_INFO = YES;
				ONLY_ACTIVE_ARCH = YES;
				SDKROOT = iphoneos;
			};
			name = Debug;
		};
		5773C0161A92CD9000F2602B /* Release */ = {
			isa = XCBuildConfiguration;
			buildSettings = {
				ALWAYS_SEARCH_USER_PATHS = NO;
				CLANG_CXX_LANGUAGE_STANDARD = "gnu++0x";
				CLANG_CXX_LIBRARY = "libc++";
				CLANG_ENABLE_MODULES = YES;
				CLANG_ENABLE_OBJC_ARC = YES;
				CLANG_WARN_BOOL_CONVERSION = YES;
				CLANG_WARN_CONSTANT_CONVERSION = YES;
				CLANG_WARN_DIRECT_OBJC_ISA_USAGE = YES_ERROR;
				CLANG_WARN_EMPTY_BODY = YES;
				CLANG_WARN_ENUM_CONVERSION = YES;
				CLANG_WARN_INT_CONVERSION = YES;
				CLANG_WARN_OBJC_ROOT_CLASS = YES_ERROR;
				CLANG_WARN_UNREACHABLE_CODE = YES;
				CLANG_WARN__DUPLICATE_METHOD_MATCH = YES;
				"CODE_SIGN_IDENTITY[sdk=iphoneos*]" = "iPhone Developer";
				COPY_PHASE_STRIP = YES;
				ENABLE_NS_ASSERTIONS = NO;
				ENABLE_STRICT_OBJC_MSGSEND = YES;
				GCC_C_LANGUAGE_STANDARD = gnu99;
				GCC_WARN_64_TO_32_BIT_CONVERSION = YES;
				GCC_WARN_ABOUT_RETURN_TYPE = YES_ERROR;
				GCC_WARN_UNDECLARED_SELECTOR = YES;
				GCC_WARN_UNINITIALIZED_AUTOS = YES_AGGRESSIVE;
				GCC_WARN_UNUSED_FUNCTION = YES;
				GCC_WARN_UNUSED_VARIABLE = YES;
				IPHONEOS_DEPLOYMENT_TARGET = 8.0;
				MTL_ENABLE_DEBUG_INFO = NO;
				SDKROOT = iphoneos;
				VALIDATE_PRODUCT = YES;
			};
			name = Release;
		};
		5773C0181A92CD9000F2602B /* Debug */ = {
			isa = XCBuildConfiguration;
			buildSettings = {
				ASSETCATALOG_COMPILER_APPICON_NAME = AppIcon;
				CLANG_ENABLE_OBJC_ARC = NO;
				INFOPLIST_FILE = "BMI Calculator/Info.plist";
				LD_RUNPATH_SEARCH_PATHS = "$(inherited) @executable_path/Frameworks";
				PRODUCT_NAME = "$(TARGET_NAME)";
			};
			name = Debug;
		};
		5773C0191A92CD9000F2602B /* Release */ = {
			isa = XCBuildConfiguration;
			buildSettings = {
				ASSETCATALOG_COMPILER_APPICON_NAME = AppIcon;
				CLANG_ENABLE_OBJC_ARC = NO;
				INFOPLIST_FILE = "BMI Calculator/Info.plist";
				LD_RUNPATH_SEARCH_PATHS = "$(inherited) @executable_path/Frameworks";
				PRODUCT_NAME = "$(TARGET_NAME)";
			};
			name = Release;
		};
		5773C01B1A92CD9000F2602B /* Debug */ = {
			isa = XCBuildConfiguration;
			buildSettings = {
				BUNDLE_LOADER = "$(TEST_HOST)";
				FRAMEWORK_SEARCH_PATHS = (
					"$(SDKROOT)/Developer/Library/Frameworks",
					"$(inherited)",
				);
				GCC_PREPROCESSOR_DEFINITIONS = (
					"DEBUG=1",
					"$(inherited)",
				);
				INFOPLIST_FILE = "BMI CalculatorTests/Info.plist";
				LD_RUNPATH_SEARCH_PATHS = "$(inherited) @executable_path/Frameworks @loader_path/Frameworks";
				PRODUCT_NAME = "$(TARGET_NAME)";
				TEST_HOST = "$(BUILT_PRODUCTS_DIR)/BMI Calculator.app/BMI Calculator";
			};
			name = Debug;
		};
		5773C01C1A92CD9000F2602B /* Release */ = {
			isa = XCBuildConfiguration;
			buildSettings = {
				BUNDLE_LOADER = "$(TEST_HOST)";
				FRAMEWORK_SEARCH_PATHS = (
					"$(SDKROOT)/Developer/Library/Frameworks",
					"$(inherited)",
				);
				INFOPLIST_FILE = "BMI CalculatorTests/Info.plist";
				LD_RUNPATH_SEARCH_PATHS = "$(inherited) @executable_path/Frameworks @loader_path/Frameworks";
				PRODUCT_NAME = "$(TARGET_NAME)";
				TEST_HOST = "$(BUILT_PRODUCTS_DIR)/BMI Calculator.app/BMI Calculator";
			};
			name = Release;
		};
/* End XCBuildConfiguration section */

/* Begin XCConfigurationList section */
		5773BFEF1A92CD9000F2602B /* Build configuration list for PBXProject "BMI Calculator" */ = {
			isa = XCConfigurationList;
			buildConfigurations = (
				5773C0151A92CD9000F2602B /* Debug */,
				5773C0161A92CD9000F2602B /* Release */,
			);
			defaultConfigurationIsVisible = 0;
			defaultConfigurationName = Release;
		};
		5773C0171A92CD9000F2602B /* Build configuration list for PBXNativeTarget "BMI Calculator" */ = {
			isa = XCConfigurationList;
			buildConfigurations = (
				5773C0181A92CD9000F2602B /* Debug */,
				5773C0191A92CD9000F2602B /* Release */,
			);
			defaultConfigurationIsVisible = 0;
		};
		5773C01A1A92CD9000F2602B /* Build configuration list for PBXNativeTarget "BMI CalculatorTests" */ = {
			isa = XCConfigurationList;
			buildConfigurations = (
				5773C01B1A92CD9000F2602B /* Debug */,
				5773C01C1A92CD9000F2602B /* Release */,
			);
			defaultConfigurationIsVisible = 0;
		};
/* End XCConfigurationList section */
	};
	rootObject = 5773BFEC1A92CD9000F2602B /* Project object */;
}
